<Solution>
  <Project Path="Penban.Data/Penban.Data.csproj" />
  <Project Path="Penban.Maui.Services/Penban.Maui.Services.csproj" />
  <Project Path="Penban.Maui.Views/Penban.Maui.Views.csproj" />
  <Project Path="Penban.Maui/Penban.Maui.csproj" />
  <Project Path="Penban.Models/Penban.Models.csproj" />
  <Project Path="Penban.Services.Abstractions/Penban.Services.Abstractions.csproj" />
  <Project Path="Penban.Services/Penban.Services.csproj" />
  <Project Path="Penban.Util/Penban.Util.csproj" />
  <Project Path="Penban.ViewModels/Penban.ViewModels.csproj" />
</Solution>
